
Microsoft Visual Studio Solution File, Format Version 12.00
# Visual Studio 15
VisualStudioVersion = 15.0.26124.0
MinimumVisualStudioVersion = 15.0.26124.0
Project("{FAE04EC0-301F-11D3-BF4B-00C04F79EFBC}") = "API", "API\API.csproj", "{DBFCC5A1-7CD7-4CA7-B146-DD712CAE9B5A}"
EndProject
Project("{FAE04EC0-301F-11D3-BF4B-00C04F79EFBC}") = "Application", "Application\Application.csproj", "{9F00C6F2-D1C5-40C3-B4C0-36C61B8497BA}"
EndProject
Project("{FAE04EC0-301F-11D3-BF4B-00C04F79EFBC}") = "Domain", "Domain\Domain.csproj", "{C38D433B-2682-432C-9411-4F7EB0B89F05}"
EndProject
Project("{FAE04EC0-301F-11D3-BF4B-00C04F79EFBC}") = "Persistence", "Persistence\Persistence.csproj", "{22910876-D147-4BCD-91D3-A0B87B523486}"
EndProject
Global
	GlobalSection(SolutionConfigurationPlatforms) = preSolution
		Debug|Any CPU = Debug|Any CPU
		Debug|x64 = Debug|x64
		Debug|x86 = Debug|x86
		Release|Any CPU = Release|Any CPU
		Release|x64 = Release|x64
		Release|x86 = Release|x86
	EndGlobalSection
	GlobalSection(SolutionProperties) = preSolution
		HideSolutionNode = FALSE
	EndGlobalSection
	GlobalSection(ProjectConfigurationPlatforms) = postSolution
		{DBFCC5A1-7CD7-4CA7-B146-DD712CAE9B5A}.Debug|Any CPU.ActiveCfg = Debug|Any CPU
		{DBFCC5A1-7CD7-4CA7-B146-DD712CAE9B5A}.Debug|Any CPU.Build.0 = Debug|Any CPU
		{DBFCC5A1-7CD7-4CA7-B146-DD712CAE9B5A}.Debug|x64.ActiveCfg = Debug|Any CPU
		{DBFCC5A1-7CD7-4CA7-B146-DD712CAE9B5A}.Debug|x64.Build.0 = Debug|Any CPU
		{DBFCC5A1-7CD7-4CA7-B146-DD712CAE9B5A}.Debug|x86.ActiveCfg = Debug|Any CPU
		{DBFCC5A1-7CD7-4CA7-B146-DD712CAE9B5A}.Debug|x86.Build.0 = Debug|Any CPU
		{DBFCC5A1-7CD7-4CA7-B146-DD712CAE9B5A}.Release|Any CPU.ActiveCfg = Release|Any CPU
		{DBFCC5A1-7CD7-4CA7-B146-DD712CAE9B5A}.Release|Any CPU.Build.0 = Release|Any CPU
		{DBFCC5A1-7CD7-4CA7-B146-DD712CAE9B5A}.Release|x64.ActiveCfg = Release|Any CPU
		{DBFCC5A1-7CD7-4CA7-B146-DD712CAE9B5A}.Release|x64.Build.0 = Release|Any CPU
		{DBFCC5A1-7CD7-4CA7-B146-DD712CAE9B5A}.Release|x86.ActiveCfg = Release|Any CPU
		{DBFCC5A1-7CD7-4CA7-B146-DD712CAE9B5A}.Release|x86.Build.0 = Release|Any CPU
		{9F00C6F2-D1C5-40C3-B4C0-36C61B8497BA}.Debug|Any CPU.ActiveCfg = Debug|Any CPU
		{9F00C6F2-D1C5-40C3-B4C0-36C61B8497BA}.Debug|Any CPU.Build.0 = Debug|Any CPU
		{9F00C6F2-D1C5-40C3-B4C0-36C61B8497BA}.Debug|x64.ActiveCfg = Debug|Any CPU
		{9F00C6F2-D1C5-40C3-B4C0-36C61B8497BA}.Debug|x64.Build.0 = Debug|Any CPU
		{9F00C6F2-D1C5-40C3-B4C0-36C61B8497BA}.Debug|x86.ActiveCfg = Debug|Any CPU
		{9F00C6F2-D1C5-40C3-B4C0-36C61B8497BA}.Debug|x86.Build.0 = Debug|Any CPU
		{9F00C6F2-D1C5-40C3-B4C0-36C61B8497BA}.Release|Any CPU.ActiveCfg = Release|Any CPU
		{9F00C6F2-D1C5-40C3-B4C0-36C61B8497BA}.Release|Any CPU.Build.0 = Release|Any CPU
		{9F00C6F2-D1C5-40C3-B4C0-36C61B8497BA}.Release|x64.ActiveCfg = Release|Any CPU
		{9F00C6F2-D1C5-40C3-B4C0-36C61B8497BA}.Release|x64.Build.0 = Release|Any CPU
		{9F00C6F2-D1C5-40C3-B4C0-36C61B8497BA}.Release|x86.ActiveCfg = Release|Any CPU
		{9F00C6F2-D1C5-40C3-B4C0-36C61B8497BA}.Release|x86.Build.0 = Release|Any CPU
		{C38D433B-2682-432C-9411-4F7EB0B89F05}.Debug|Any CPU.ActiveCfg = Debug|Any CPU
		{C38D433B-2682-432C-9411-4F7EB0B89F05}.Debug|Any CPU.Build.0 = Debug|Any CPU
		{C38D433B-2682-432C-9411-4F7EB0B89F05}.Debug|x64.ActiveCfg = Debug|Any CPU
		{C38D433B-2682-432C-9411-4F7EB0B89F05}.Debug|x64.Build.0 = Debug|Any CPU
		{C38D433B-2682-432C-9411-4F7EB0B89F05}.Debug|x86.ActiveCfg = Debug|Any CPU
		{C38D433B-2682-432C-9411-4F7EB0B89F05}.Debug|x86.Build.0 = Debug|Any CPU
		{C38D433B-2682-432C-9411-4F7EB0B89F05}.Release|Any CPU.ActiveCfg = Release|Any CPU
		{C38D433B-2682-432C-9411-4F7EB0B89F05}.Release|Any CPU.Build.0 = Release|Any CPU
		{C38D433B-2682-432C-9411-4F7EB0B89F05}.Release|x64.ActiveCfg = Release|Any CPU
		{C38D433B-2682-432C-9411-4F7EB0B89F05}.Release|x64.Build.0 = Release|Any CPU
		{C38D433B-2682-432C-9411-4F7EB0B89F05}.Release|x86.ActiveCfg = Release|Any CPU
		{C38D433B-2682-432C-9411-4F7EB0B89F05}.Release|x86.Build.0 = Release|Any CPU
		{22910876-D147-4BCD-91D3-A0B87B523486}.Debug|Any CPU.ActiveCfg = Debug|Any CPU
		{22910876-D147-4BCD-91D3-A0B87B523486}.Debug|Any CPU.Build.0 = Debug|Any CPU
		{22910876-D147-4BCD-91D3-A0B87B523486}.Debug|x64.ActiveCfg = Debug|Any CPU
		{22910876-D147-4BCD-91D3-A0B87B523486}.Debug|x64.Build.0 = Debug|Any CPU
		{22910876-D147-4BCD-91D3-A0B87B523486}.Debug|x86.ActiveCfg = Debug|Any CPU
		{22910876-D147-4BCD-91D3-A0B87B523486}.Debug|x86.Build.0 = Debug|Any CPU
		{22910876-D147-4BCD-91D3-A0B87B523486}.Release|Any CPU.ActiveCfg = Release|Any CPU
		{22910876-D147-4BCD-91D3-A0B87B523486}.Release|Any CPU.Build.0 = Release|Any CPU
		{22910876-D147-4BCD-91D3-A0B87B523486}.Release|x64.ActiveCfg = Release|Any CPU
		{22910876-D147-4BCD-91D3-A0B87B523486}.Release|x64.Build.0 = Release|Any CPU
		{22910876-D147-4BCD-91D3-A0B87B523486}.Release|x86.ActiveCfg = Release|Any CPU
		{22910876-D147-4BCD-91D3-A0B87B523486}.Release|x86.Build.0 = Release|Any CPU
	EndGlobalSection
EndGlobal
